{
  "schema_version": "gar.compatibility.v1",
  "specification": "GAR-PCS-001@v0.1-r1",
  "source": {
    "commit": "f81db08963f92b2fb661d33f735ddbc2b4d19441",
    "worktree_state": "CLEAN_TRACKED_SOURCE_AT_G03_RUN_WITH_IGNORED_RUNTIME_EVIDENCE",
    "evidence_date": "2026-09-17"
  },
  "tested_tuples": [
    {
      "evidence_level": "LOCAL_PAPER_READ_ONLY",
      "support_scope": "READ_ONLY_ONLY",
      "paper": {
        "minecraft_version": "26.2",
        "paper_version": "26.2",
        "paper_build": "124",
        "paper_revision": "22ca6c7",
        "server_jar_sha256": "274bbcb9807ad79a479617ce695a7c0686e652a8d1cabfd0e288d92a3ea29593"
      },
      "java": {
        "distribution": "Eclipse Temurin",
        "version": "25.0.4+7-LTS"
      },
      "itzg_image": {
        "reference": "itzg/minecraft-server:java25",
        "manifest_digest": "sha256:46919d151d39e89993c40fa3cedddd200b1bbb4aa44217e17a638c047817b9f4",
        "local_image_id": "sha256:f9a336e67e49053b6dfd5c10fd2d15f157a65f0edb56d3603159ee8388933253"
      },
      "host": {
        "docker_engine": "29.1.3",
        "docker_api": "1.52",
        "docker_compose": "2.40.3+ds1-0ubuntu1~24.04.1",
        "kernel": "Linux 7.0.0-31-generic",
        "architecture": "x86_64",
        "filesystem_reported_by_statfs": "ext2/ext3"
      },
      "guard": {
        "name": "GARGuard",
        "version": "0.1.0",
        "jar_sha256": "d6edf8506014a2e44a982692006772863eb7a5bae648d80acac5f2552fa404eb",
        "jar_size": 17120
      },
      "fixture_identity": {
        "deployment_generation": 3,
        "container_id": "2317ce3d869a689a4334503815f61e3d841196647b2511e063291f421066d0eb",
        "data_root_identity": "dev:2050/inode:12238175",
        "bootstrap_fingerprint": "cfc883efcb7cc0dcacbe342d18c4c248980d8615b9b6e9d49c077179db499a51",
        "inventory_digest": "e0b80021f7447516db2a5d4ee70958e9040c8192919794d4243a03ae1f67d14e"
      },
      "evidence": {
        "repeated_startup": "PASS",
        "graceful_stop_observed": "PASS_WITHOUT_BACKUP_READY_ORACLE",
        "host_snapshot": "PASS",
        "paper_runtime_snapshot": "PASS",
        "mcp_read_only_interoperability": "PASS",
        "mcp_tool_count": 10,
        "mcp_approval_tool_present": false,
        "admission_barrier": {
          "gate_binary_sha256": "12bacff0a48028a851c3f5f18feb10b40683b2bc7677705c6a77d4b22a3cc758",
          "ipv4_loopback_closed_open": "PASS",
          "ipv6_loopback_closed_open": "PASS",
          "bounded_open_lease": "PASS",
          "runtime_guard_pairing": "PASS",
          "inflight_tcp_drop_on_close": "PASS",
          "gate_container_restart_defaults_closed": "PASS",
          "paper_container_restart_defaults_closed": "PASS",
          "docker_binding_observer": "PASS",
          "host_reboot": "PASS",
          "host_reboot_checkpoint": "PASS",
          "host_recovery_evidence_level": "HOST_RECOVERY",
          "pre_reboot_boot_id": "a47de622-856c-45e8-8907-1d395e3244fa",
          "post_reboot_boot_id": "b87e66b7-3e35-40cd-9233-3c810b4deed4",
          "host_recovery_verified_at": "2026-09-17T08:41:43.075074519Z",
          "recovery_mode": "OWNER_STARTED_EXISTING_FIXTURE_CONTAINERS_WITH_RESTART_POLICY_NO",
          "recovered_guard_jar_sha256": "021372d926a2e9ff703f188db2cd6598766617f3215e10a8acdef74fc9dfadac",
          "recovered_guard_note": "Rebuilt from unchanged guard source by the required Java verification build. Digest differs from the historical read-only G-01 guard artifact above; artifact registry is unchanged. This is G-02 admission recovery evidence, not G-04 source attribution.",
          "minecraft_inflight_login": "PASS",
          "minecraft_inflight_login_bindings": {
            "127.0.0.1:25565": "PASS",
            "[::1]:25565": "PASS"
          },
          "acceptance_evidence": {
            "schema_version": "gar.g02-acceptance-evidence.v2",
            "sha256": "6fcaf31080d8caf7446f6b3f8ecce72c6431347e7812e687818ee819fec9bb89",
            "source_commit": "744922f8ba87f6e51b4130f50a62785c0e4fd70c",
            "source_worktree_state": "CLEAN_TRACKED_SOURCE_DETACHED_CHECKOUT",
            "verifier_binary_sha256": "363ade4655526344a1e860e7961fd48536561956fae5b45dbfc39f399fc9a660",
            "observer_binary_sha256": "6d99d24b21581bef018cbfa99e37b2b41639496fdc70e84dbb54da3d22a5e9ac",
            "enrollment_id": "paper-reference-read-only",
            "deployment_generation": 3,
            "container_id": "2317ce3d869a689a4334503815f61e3d841196647b2511e063291f421066d0eb",
            "data_root_identity": "dev:2050/inode:12238175",
            "paper_tuple": "paper-26.2-build.124/java-25/itzg-image-sha256-46919d151d39",
            "pairing_id": "gar-reference-pairing-2026-09",
            "minecraft_addresses": [
              "127.0.0.1:25565",
              "[::1]:25565"
            ]
          }
        },
        "g03_acceptance": {
          "status": "FAIL",
          "evidence_level": "LOCAL_PAPER",
          "source_commit": "f81db08963f92b2fb661d33f735ddbc2b4d19441",
          "intent_id": "intent_61467c63d50c22da117222676aa21901",
          "intent_digest": "8f2b1ddfffd4d1d933194599cc630c5be17230190f6ab70d4f5dbffc74f1801d",
          "intent_record_sha256": "0e7cc905d1c2401d597034d5a7caba50282b8c4790806366bde1373ed7b99573",
          "approval_id": "approval_f85ceb10b11b04c3f659fba2331a8464",
          "operation_id": "operation_a6df25e57de1b178707d3f46a13e1c80",
          "operation_record_sha256": "4dc76d4f654963298a98741558df4abeffcf9c39a73bb12c68d3d6c7fc9bd6b5",
          "enrollment_id": "paper-reference-read-only",
          "deployment_generation": 3,
          "container_id": "2317ce3d869a689a4334503815f61e3d841196647b2511e063291f421066d0eb",
          "data_root_identity": "dev:2050/inode:12238175",
          "paper_tuple": "paper-26.2-build.124/java-25/itzg-image-sha256-46919d151d39",
          "pairing_id": "gar-reference-pairing-2026-09",
          "paper_boot_id": "63de1623-54db-46e5-abe0-422544483138",
          "s00_claim": "PASS",
          "s01_revalidate": "PASS",
          "s02_maintenance": "PASS",
          "s03_graceful_stop": "UNKNOWN",
          "s04_offline_revalidation": "BLOCKED",
          "s05_backup": "BLOCKED",
          "container_exit_code": 0,
          "container_oom_killed": false,
          "backup_record": "NOT_CREATED",
          "archive": "NOT_CREATED",
          "failure": "DISPATCH_OUTCOME_UNKNOWN",
          "root_cause": "Docker Engine logs endpoint rejected an RFC3339Nano since parameter with HTTP 500; the corrected adapter uses integer Unix seconds and enforces the exact dispatch boundary from each log timestamp",
          "retry_performed": false,
          "ownership_released": false
        },
        "verified_plugin_transitions": [],
        "mutation": "NOT_RUN"
      }
    }
  ],
  "mutation_enabled": false,
  "gates": {
    "G-01": "PASS",
    "G-02": "PASS",
    "G-03": "FAIL",
    "G-04": "FAIL",
    "G-05": "NOT_RUN",
    "G-06": "NOT_RUN",
    "G-07": "NOT_RUN"
  },
  "reason": "G-01 retains historical exact-tuple read-only evidence. G-02 has passing real IPv4/IPv6 Login Start close and HOST_RECOVERY evidence from the existing reboot; no additional host reboot was performed for verification. Mutation remains hard-disabled. The real approved G-03 LOCAL_PAPER campaign passed S00-S02 and stopped Paper cleanly, but S03 became UNKNOWN when Docker rejected the shutdown-log query; S04/S05 were blocked and no backup was created, so G-03 is FAIL. Runtime source attribution remains unavailable (G-04). Real plugin transition, ambiguous mutation recovery, and independent-admin onboarding gates remain incomplete."
}
